
Microsoft Visual Studio Solution File, Format Version 12.00
# Visual Studio Version 17
VisualStudioVersion = 17.0.31903.59
MinimumVisualStudioVersion = 10.0.40219.1
Project("{FAE04EC0-301F-11D3-BF4B-00C04F79EFBC}") = "SignalBeam.Domain.Tests", "..\tests\SignalBeam.Domain.Tests\SignalBeam.Domain.Tests.csproj", "{B22E4C52-146D-4537-84EC-8347679303B6}"
EndProject
Project("{2150E333-8FDC-42A3-9474-1A3956D46DE8}") = "Shared", "Shared", "{4F52FD11-658E-A102-6CD3-7D7C16FFA15B}"
EndProject
Project("{FAE04EC0-301F-11D3-BF4B-00C04F79EFBC}") = "SignalBeam.Domain", "Shared\SignalBeam.Domain\SignalBeam.Domain.csproj", "{D8B533CC-D453-4581-950F-BCFA8FFAAFF1}"
EndProject
Project("{2150E333-8FDC-42A3-9474-1A3956D46DE8}") = "SolutionItems", "SolutionItems", "{9D69194C-1AC3-4AA6-B288-A37E1F77A092}"
	ProjectSection(SolutionItems) = preProject
		..\Directory.Build.props = ..\Directory.Build.props
		..\Directory.Packages.props = ..\Directory.Packages.props
	EndProjectSection
EndProject
Global
	GlobalSection(SolutionConfigurationPlatforms) = preSolution
		Debug|Any CPU = Debug|Any CPU
		Debug|x64 = Debug|x64
		Debug|x86 = Debug|x86
		Release|Any CPU = Release|Any CPU
		Release|x64 = Release|x64
		Release|x86 = Release|x86
	EndGlobalSection
	GlobalSection(ProjectConfigurationPlatforms) = postSolution
		{B22E4C52-146D-4537-84EC-8347679303B6}.Debug|Any CPU.ActiveCfg = Debug|Any CPU
		{B22E4C52-146D-4537-84EC-8347679303B6}.Debug|Any CPU.Build.0 = Debug|Any CPU
		{B22E4C52-146D-4537-84EC-8347679303B6}.Debug|x64.ActiveCfg = Debug|Any CPU
		{B22E4C52-146D-4537-84EC-8347679303B6}.Debug|x64.Build.0 = Debug|Any CPU
		{B22E4C52-146D-4537-84EC-8347679303B6}.Debug|x86.ActiveCfg = Debug|Any CPU
		{B22E4C52-146D-4537-84EC-8347679303B6}.Debug|x86.Build.0 = Debug|Any CPU
		{B22E4C52-146D-4537-84EC-8347679303B6}.Release|Any CPU.ActiveCfg = Release|Any CPU
		{B22E4C52-146D-4537-84EC-8347679303B6}.Release|Any CPU.Build.0 = Release|Any CPU
		{B22E4C52-146D-4537-84EC-8347679303B6}.Release|x64.ActiveCfg = Release|Any CPU
		{B22E4C52-146D-4537-84EC-8347679303B6}.Release|x64.Build.0 = Release|Any CPU
		{B22E4C52-146D-4537-84EC-8347679303B6}.Release|x86.ActiveCfg = Release|Any CPU
		{B22E4C52-146D-4537-84EC-8347679303B6}.Release|x86.Build.0 = Release|Any CPU
		{D8B533CC-D453-4581-950F-BCFA8FFAAFF1}.Debug|Any CPU.ActiveCfg = Debug|Any CPU
		{D8B533CC-D453-4581-950F-BCFA8FFAAFF1}.Debug|Any CPU.Build.0 = Debug|Any CPU
		{D8B533CC-D453-4581-950F-BCFA8FFAAFF1}.Debug|x64.ActiveCfg = Debug|Any CPU
		{D8B533CC-D453-4581-950F-BCFA8FFAAFF1}.Debug|x64.Build.0 = Debug|Any CPU
		{D8B533CC-D453-4581-950F-BCFA8FFAAFF1}.Debug|x86.ActiveCfg = Debug|Any CPU
		{D8B533CC-D453-4581-950F-BCFA8FFAAFF1}.Debug|x86.Build.0 = Debug|Any CPU
		{D8B533CC-D453-4581-950F-BCFA8FFAAFF1}.Release|Any CPU.ActiveCfg = Release|Any CPU
		{D8B533CC-D453-4581-950F-BCFA8FFAAFF1}.Release|Any CPU.Build.0 = Release|Any CPU
		{D8B533CC-D453-4581-950F-BCFA8FFAAFF1}.Release|x64.ActiveCfg = Release|Any CPU
		{D8B533CC-D453-4581-950F-BCFA8FFAAFF1}.Release|x64.Build.0 = Release|Any CPU
		{D8B533CC-D453-4581-950F-BCFA8FFAAFF1}.Release|x86.ActiveCfg = Release|Any CPU
		{D8B533CC-D453-4581-950F-BCFA8FFAAFF1}.Release|x86.Build.0 = Release|Any CPU
	EndGlobalSection
	GlobalSection(SolutionProperties) = preSolution
		HideSolutionNode = FALSE
	EndGlobalSection
	GlobalSection(NestedProjects) = preSolution
		{D8B533CC-D453-4581-950F-BCFA8FFAAFF1} = {4F52FD11-658E-A102-6CD3-7D7C16FFA15B}
	EndGlobalSection
EndGlobal
