
Microsoft Visual Studio Solution File, Format Version 12.00
# Visual Studio Version 17
VisualStudioVersion = 17.0.31903.59
MinimumVisualStudioVersion = 10.0.40219.1
Project("{FAE04EC0-301F-11D3-BF4B-00C04F79EFBC}") = "SignalBeam.Domain.Tests", "..\tests\SignalBeam.Domain.Tests\SignalBeam.Domain.Tests.csproj", "{B22E4C52-146D-4537-84EC-8347679303B6}"
EndProject
Project("{2150E333-8FDC-42A3-9474-1A3956D46DE8}") = "Shared", "Shared", "{4F52FD11-658E-A102-6CD3-7D7C16FFA15B}"
EndProject
Project("{FAE04EC0-301F-11D3-BF4B-00C04F79EFBC}") = "SignalBeam.Domain", "Shared\SignalBeam.Domain\SignalBeam.Domain.csproj", "{D8B533CC-D453-4581-950F-BCFA8FFAAFF1}"
EndProject
Project("{2150E333-8FDC-42A3-9474-1A3956D46DE8}") = "SolutionItems", "SolutionItems", "{9D69194C-1AC3-4AA6-B288-A37E1F77A092}"
	ProjectSection(SolutionItems) = preProject
		..\Directory.Build.props = ..\Directory.Build.props
		..\Directory.Packages.props = ..\Directory.Packages.props
	EndProjectSection
EndProject
Project("{FAE04EC0-301F-11D3-BF4B-00C04F79EFBC}") = "SignalBeam.Shared.Infrastructure", "Shared\SignalBeam.Shared.Infrastructure\SignalBeam.Shared.Infrastructure.csproj", "{FE3C17F7-7E22-45E1-AB67-FC2884CA800E}"
EndProject
Project("{FAE04EC0-301F-11D3-BF4B-00C04F79EFBC}") = "SignalBeam.Shared.Infrastructure.Tests", "..\tests\SignalBeam.Shared.Infrastructure.Tests\SignalBeam.Shared.Infrastructure.Tests.csproj", "{32EA18DD-16DC-4C4C-9A9F-EDA921B2DF40}"
EndProject
Project("{2150E333-8FDC-42A3-9474-1A3956D46DE8}") = "Tests", "Tests", "{0EDD9B93-919B-44B6-9CA1-6405AE7C2B81}"
EndProject
Project("{FAE04EC0-301F-11D3-BF4B-00C04F79EFBC}") = "SignalBeam.ServiceDefaults", "SignalBeam.ServiceDefaults\SignalBeam.ServiceDefaults.csproj", "{5A035C77-4195-4590-8509-AA46BD28423E}"
EndProject
Project("{FAE04EC0-301F-11D3-BF4B-00C04F79EFBC}") = "SignalBeam.AppHost", "SignalBeam.AppHost\SignalBeam.AppHost.csproj", "{8A4B47DB-40DE-4B63-A522-EE0E9DFEDBB1}"
EndProject
Project("{2150E333-8FDC-42A3-9474-1A3956D46DE8}") = "DeviceManager", "DeviceManager", "{E6ABE358-3362-A4D8-B4C1-3787DBC2746E}"
EndProject
Project("{FAE04EC0-301F-11D3-BF4B-00C04F79EFBC}") = "SignalBeam.DeviceManager.Application", "DeviceManager\SignalBeam.DeviceManager.Application\SignalBeam.DeviceManager.Application.csproj", "{6ED1EA87-ABB7-4B39-A298-2721F5EC7DA5}"
EndProject
Project("{FAE04EC0-301F-11D3-BF4B-00C04F79EFBC}") = "SignalBeam.DeviceManager.Infrastructure", "DeviceManager\SignalBeam.DeviceManager.Infrastructure\SignalBeam.DeviceManager.Infrastructure.csproj", "{B2E74AA9-DF9F-40E8-8F67-85A8B4962AAC}"
EndProject
Project("{FAE04EC0-301F-11D3-BF4B-00C04F79EFBC}") = "SignalBeam.DeviceManager.Host", "DeviceManager\SignalBeam.DeviceManager.Host\SignalBeam.DeviceManager.Host.csproj", "{30006DF7-4EDF-4D63-954A-0DD0DFBE60B7}"
EndProject
Project("{FAE04EC0-301F-11D3-BF4B-00C04F79EFBC}") = "SignalBeam.DeviceManager.Tests.Unit", "..\tests\SignalBeam.DeviceManager.Tests.Unit\SignalBeam.DeviceManager.Tests.Unit.csproj", "{53A5EB6B-315A-4664-B3F4-637392DFC63B}"
EndProject
Project("{FAE04EC0-301F-11D3-BF4B-00C04F79EFBC}") = "SignalBeam.DeviceManager.Tests.Integration", "..\tests\SignalBeam.DeviceManager.Tests.Integration\SignalBeam.DeviceManager.Tests.Integration.csproj", "{01C07F6C-4CE1-4831-AF5F-EB8A76E8F605}"
EndProject
Project("{2150E333-8FDC-42A3-9474-1A3956D46DE8}") = "BundleOrchestrator", "BundleOrchestrator", "{D93E8024-34A5-9AC6-62A0-BA1E08432049}"
EndProject
Project("{FAE04EC0-301F-11D3-BF4B-00C04F79EFBC}") = "SignalBeam.BundleOrchestrator.Application", "BundleOrchestrator\SignalBeam.BundleOrchestrator.Application\SignalBeam.BundleOrchestrator.Application.csproj", "{1DD230A4-9C9F-4922-ADD8-DABBAFD2DF8E}"
EndProject
Project("{FAE04EC0-301F-11D3-BF4B-00C04F79EFBC}") = "SignalBeam.BundleOrchestrator.Tests.Unit", "..\tests\SignalBeam.BundleOrchestrator.Tests.Unit\SignalBeam.BundleOrchestrator.Tests.Unit.csproj", "{55DDA1F9-372E-4AD8-838C-35E08FCA4856}"
EndProject
Project("{FAE04EC0-301F-11D3-BF4B-00C04F79EFBC}") = "SignalBeam.BundleOrchestrator.Infrastructure", "BundleOrchestrator\SignalBeam.BundleOrchestrator.Infrastructure\SignalBeam.BundleOrchestrator.Infrastructure.csproj", "{5E49B415-80DB-43DD-8D20-B9DDEF3C2A6A}"
EndProject
Project("{FAE04EC0-301F-11D3-BF4B-00C04F79EFBC}") = "SignalBeam.BundleOrchestrator.Host", "BundleOrchestrator\SignalBeam.BundleOrchestrator.Host\SignalBeam.BundleOrchestrator.Host.csproj", "{D03B38A6-C975-420F-A772-C1A4CFD1BFA4}"
EndProject
Project("{2150E333-8FDC-42A3-9474-1A3956D46DE8}") = "TelemetryProcessor", "TelemetryProcessor", "{753C040B-FF22-6614-8951-D1DF5F026DDF}"
EndProject
Project("{FAE04EC0-301F-11D3-BF4B-00C04F79EFBC}") = "SignalBeam.TelemetryProcessor.Infrastructure", "TelemetryProcessor\SignalBeam.TelemetryProcessor.Infrastructure\SignalBeam.TelemetryProcessor.Infrastructure.csproj", "{4B6E25DE-4691-4ECD-864A-7A43A2333A2A}"
EndProject
Project("{FAE04EC0-301F-11D3-BF4B-00C04F79EFBC}") = "SignalBeam.TelemetryProcessor.Infrastructure.Tests", "..\tests\SignalBeam.TelemetryProcessor.Infrastructure.Tests\SignalBeam.TelemetryProcessor.Infrastructure.Tests.csproj", "{CD35FA7D-03D6-4D94-9993-22810C4C6511}"
EndProject
Project("{FAE04EC0-301F-11D3-BF4B-00C04F79EFBC}") = "SignalBeam.TelemetryProcessor.Application", "TelemetryProcessor\SignalBeam.TelemetryProcessor.Application\SignalBeam.TelemetryProcessor.Application.csproj", "{BF657246-0043-45EE-A144-C6986E8C3B4E}"
EndProject
Global
	GlobalSection(SolutionConfigurationPlatforms) = preSolution
		Debug|Any CPU = Debug|Any CPU
		Debug|x64 = Debug|x64
		Debug|x86 = Debug|x86
		Release|Any CPU = Release|Any CPU
		Release|x64 = Release|x64
		Release|x86 = Release|x86
	EndGlobalSection
	GlobalSection(ProjectConfigurationPlatforms) = postSolution
		{B22E4C52-146D-4537-84EC-8347679303B6}.Debug|Any CPU.ActiveCfg = Debug|Any CPU
		{B22E4C52-146D-4537-84EC-8347679303B6}.Debug|Any CPU.Build.0 = Debug|Any CPU
		{B22E4C52-146D-4537-84EC-8347679303B6}.Debug|x64.ActiveCfg = Debug|Any CPU
		{B22E4C52-146D-4537-84EC-8347679303B6}.Debug|x64.Build.0 = Debug|Any CPU
		{B22E4C52-146D-4537-84EC-8347679303B6}.Debug|x86.ActiveCfg = Debug|Any CPU
		{B22E4C52-146D-4537-84EC-8347679303B6}.Debug|x86.Build.0 = Debug|Any CPU
		{B22E4C52-146D-4537-84EC-8347679303B6}.Release|Any CPU.ActiveCfg = Release|Any CPU
		{B22E4C52-146D-4537-84EC-8347679303B6}.Release|Any CPU.Build.0 = Release|Any CPU
		{B22E4C52-146D-4537-84EC-8347679303B6}.Release|x64.ActiveCfg = Release|Any CPU
		{B22E4C52-146D-4537-84EC-8347679303B6}.Release|x64.Build.0 = Release|Any CPU
		{B22E4C52-146D-4537-84EC-8347679303B6}.Release|x86.ActiveCfg = Release|Any CPU
		{B22E4C52-146D-4537-84EC-8347679303B6}.Release|x86.Build.0 = Release|Any CPU
		{D8B533CC-D453-4581-950F-BCFA8FFAAFF1}.Debug|Any CPU.ActiveCfg = Debug|Any CPU
		{D8B533CC-D453-4581-950F-BCFA8FFAAFF1}.Debug|Any CPU.Build.0 = Debug|Any CPU
		{D8B533CC-D453-4581-950F-BCFA8FFAAFF1}.Debug|x64.ActiveCfg = Debug|Any CPU
		{D8B533CC-D453-4581-950F-BCFA8FFAAFF1}.Debug|x64.Build.0 = Debug|Any CPU
		{D8B533CC-D453-4581-950F-BCFA8FFAAFF1}.Debug|x86.ActiveCfg = Debug|Any CPU
		{D8B533CC-D453-4581-950F-BCFA8FFAAFF1}.Debug|x86.Build.0 = Debug|Any CPU
		{D8B533CC-D453-4581-950F-BCFA8FFAAFF1}.Release|Any CPU.ActiveCfg = Release|Any CPU
		{D8B533CC-D453-4581-950F-BCFA8FFAAFF1}.Release|Any CPU.Build.0 = Release|Any CPU
		{D8B533CC-D453-4581-950F-BCFA8FFAAFF1}.Release|x64.ActiveCfg = Release|Any CPU
		{D8B533CC-D453-4581-950F-BCFA8FFAAFF1}.Release|x64.Build.0 = Release|Any CPU
		{D8B533CC-D453-4581-950F-BCFA8FFAAFF1}.Release|x86.ActiveCfg = Release|Any CPU
		{D8B533CC-D453-4581-950F-BCFA8FFAAFF1}.Release|x86.Build.0 = Release|Any CPU
		{FE3C17F7-7E22-45E1-AB67-FC2884CA800E}.Debug|Any CPU.ActiveCfg = Debug|Any CPU
		{FE3C17F7-7E22-45E1-AB67-FC2884CA800E}.Debug|Any CPU.Build.0 = Debug|Any CPU
		{FE3C17F7-7E22-45E1-AB67-FC2884CA800E}.Debug|x64.ActiveCfg = Debug|Any CPU
		{FE3C17F7-7E22-45E1-AB67-FC2884CA800E}.Debug|x64.Build.0 = Debug|Any CPU
		{FE3C17F7-7E22-45E1-AB67-FC2884CA800E}.Debug|x86.ActiveCfg = Debug|Any CPU
		{FE3C17F7-7E22-45E1-AB67-FC2884CA800E}.Debug|x86.Build.0 = Debug|Any CPU
		{FE3C17F7-7E22-45E1-AB67-FC2884CA800E}.Release|Any CPU.ActiveCfg = Release|Any CPU
		{FE3C17F7-7E22-45E1-AB67-FC2884CA800E}.Release|Any CPU.Build.0 = Release|Any CPU
		{FE3C17F7-7E22-45E1-AB67-FC2884CA800E}.Release|x64.ActiveCfg = Release|Any CPU
		{FE3C17F7-7E22-45E1-AB67-FC2884CA800E}.Release|x64.Build.0 = Release|Any CPU
		{FE3C17F7-7E22-45E1-AB67-FC2884CA800E}.Release|x86.ActiveCfg = Release|Any CPU
		{FE3C17F7-7E22-45E1-AB67-FC2884CA800E}.Release|x86.Build.0 = Release|Any CPU
		{32EA18DD-16DC-4C4C-9A9F-EDA921B2DF40}.Debug|Any CPU.ActiveCfg = Debug|Any CPU
		{32EA18DD-16DC-4C4C-9A9F-EDA921B2DF40}.Debug|Any CPU.Build.0 = Debug|Any CPU
		{32EA18DD-16DC-4C4C-9A9F-EDA921B2DF40}.Debug|x64.ActiveCfg = Debug|Any CPU
		{32EA18DD-16DC-4C4C-9A9F-EDA921B2DF40}.Debug|x64.Build.0 = Debug|Any CPU
		{32EA18DD-16DC-4C4C-9A9F-EDA921B2DF40}.Debug|x86.ActiveCfg = Debug|Any CPU
		{32EA18DD-16DC-4C4C-9A9F-EDA921B2DF40}.Debug|x86.Build.0 = Debug|Any CPU
		{32EA18DD-16DC-4C4C-9A9F-EDA921B2DF40}.Release|Any CPU.ActiveCfg = Release|Any CPU
		{32EA18DD-16DC-4C4C-9A9F-EDA921B2DF40}.Release|Any CPU.Build.0 = Release|Any CPU
		{32EA18DD-16DC-4C4C-9A9F-EDA921B2DF40}.Release|x64.ActiveCfg = Release|Any CPU
		{32EA18DD-16DC-4C4C-9A9F-EDA921B2DF40}.Release|x64.Build.0 = Release|Any CPU
		{32EA18DD-16DC-4C4C-9A9F-EDA921B2DF40}.Release|x86.ActiveCfg = Release|Any CPU
		{32EA18DD-16DC-4C4C-9A9F-EDA921B2DF40}.Release|x86.Build.0 = Release|Any CPU
		{5A035C77-4195-4590-8509-AA46BD28423E}.Debug|Any CPU.ActiveCfg = Debug|Any CPU
		{5A035C77-4195-4590-8509-AA46BD28423E}.Debug|Any CPU.Build.0 = Debug|Any CPU
		{5A035C77-4195-4590-8509-AA46BD28423E}.Debug|x64.ActiveCfg = Debug|Any CPU
		{5A035C77-4195-4590-8509-AA46BD28423E}.Debug|x64.Build.0 = Debug|Any CPU
		{5A035C77-4195-4590-8509-AA46BD28423E}.Debug|x86.ActiveCfg = Debug|Any CPU
		{5A035C77-4195-4590-8509-AA46BD28423E}.Debug|x86.Build.0 = Debug|Any CPU
		{5A035C77-4195-4590-8509-AA46BD28423E}.Release|Any CPU.ActiveCfg = Release|Any CPU
		{5A035C77-4195-4590-8509-AA46BD28423E}.Release|Any CPU.Build.0 = Release|Any CPU
		{5A035C77-4195-4590-8509-AA46BD28423E}.Release|x64.ActiveCfg = Release|Any CPU
		{5A035C77-4195-4590-8509-AA46BD28423E}.Release|x64.Build.0 = Release|Any CPU
		{5A035C77-4195-4590-8509-AA46BD28423E}.Release|x86.ActiveCfg = Release|Any CPU
		{5A035C77-4195-4590-8509-AA46BD28423E}.Release|x86.Build.0 = Release|Any CPU
		{8A4B47DB-40DE-4B63-A522-EE0E9DFEDBB1}.Debug|Any CPU.ActiveCfg = Debug|Any CPU
		{8A4B47DB-40DE-4B63-A522-EE0E9DFEDBB1}.Debug|Any CPU.Build.0 = Debug|Any CPU
		{8A4B47DB-40DE-4B63-A522-EE0E9DFEDBB1}.Debug|x64.ActiveCfg = Debug|Any CPU
		{8A4B47DB-40DE-4B63-A522-EE0E9DFEDBB1}.Debug|x64.Build.0 = Debug|Any CPU
		{8A4B47DB-40DE-4B63-A522-EE0E9DFEDBB1}.Debug|x86.ActiveCfg = Debug|Any CPU
		{8A4B47DB-40DE-4B63-A522-EE0E9DFEDBB1}.Debug|x86.Build.0 = Debug|Any CPU
		{8A4B47DB-40DE-4B63-A522-EE0E9DFEDBB1}.Release|Any CPU.ActiveCfg = Release|Any CPU
		{8A4B47DB-40DE-4B63-A522-EE0E9DFEDBB1}.Release|Any CPU.Build.0 = Release|Any CPU
		{8A4B47DB-40DE-4B63-A522-EE0E9DFEDBB1}.Release|x64.ActiveCfg = Release|Any CPU
		{8A4B47DB-40DE-4B63-A522-EE0E9DFEDBB1}.Release|x64.Build.0 = Release|Any CPU
		{8A4B47DB-40DE-4B63-A522-EE0E9DFEDBB1}.Release|x86.ActiveCfg = Release|Any CPU
		{8A4B47DB-40DE-4B63-A522-EE0E9DFEDBB1}.Release|x86.Build.0 = Release|Any CPU
		{6ED1EA87-ABB7-4B39-A298-2721F5EC7DA5}.Debug|Any CPU.ActiveCfg = Debug|Any CPU
		{6ED1EA87-ABB7-4B39-A298-2721F5EC7DA5}.Debug|Any CPU.Build.0 = Debug|Any CPU
		{6ED1EA87-ABB7-4B39-A298-2721F5EC7DA5}.Debug|x64.ActiveCfg = Debug|Any CPU
		{6ED1EA87-ABB7-4B39-A298-2721F5EC7DA5}.Debug|x64.Build.0 = Debug|Any CPU
		{6ED1EA87-ABB7-4B39-A298-2721F5EC7DA5}.Debug|x86.ActiveCfg = Debug|Any CPU
		{6ED1EA87-ABB7-4B39-A298-2721F5EC7DA5}.Debug|x86.Build.0 = Debug|Any CPU
		{6ED1EA87-ABB7-4B39-A298-2721F5EC7DA5}.Release|Any CPU.ActiveCfg = Release|Any CPU
		{6ED1EA87-ABB7-4B39-A298-2721F5EC7DA5}.Release|Any CPU.Build.0 = Release|Any CPU
		{6ED1EA87-ABB7-4B39-A298-2721F5EC7DA5}.Release|x64.ActiveCfg = Release|Any CPU
		{6ED1EA87-ABB7-4B39-A298-2721F5EC7DA5}.Release|x64.Build.0 = Release|Any CPU
		{6ED1EA87-ABB7-4B39-A298-2721F5EC7DA5}.Release|x86.ActiveCfg = Release|Any CPU
		{6ED1EA87-ABB7-4B39-A298-2721F5EC7DA5}.Release|x86.Build.0 = Release|Any CPU
		{B2E74AA9-DF9F-40E8-8F67-85A8B4962AAC}.Debug|Any CPU.ActiveCfg = Debug|Any CPU
		{B2E74AA9-DF9F-40E8-8F67-85A8B4962AAC}.Debug|Any CPU.Build.0 = Debug|Any CPU
		{B2E74AA9-DF9F-40E8-8F67-85A8B4962AAC}.Debug|x64.ActiveCfg = Debug|Any CPU
		{B2E74AA9-DF9F-40E8-8F67-85A8B4962AAC}.Debug|x64.Build.0 = Debug|Any CPU
		{B2E74AA9-DF9F-40E8-8F67-85A8B4962AAC}.Debug|x86.ActiveCfg = Debug|Any CPU
		{B2E74AA9-DF9F-40E8-8F67-85A8B4962AAC}.Debug|x86.Build.0 = Debug|Any CPU
		{B2E74AA9-DF9F-40E8-8F67-85A8B4962AAC}.Release|Any CPU.ActiveCfg = Release|Any CPU
		{B2E74AA9-DF9F-40E8-8F67-85A8B4962AAC}.Release|Any CPU.Build.0 = Release|Any CPU
		{B2E74AA9-DF9F-40E8-8F67-85A8B4962AAC}.Release|x64.ActiveCfg = Release|Any CPU
		{B2E74AA9-DF9F-40E8-8F67-85A8B4962AAC}.Release|x64.Build.0 = Release|Any CPU
		{B2E74AA9-DF9F-40E8-8F67-85A8B4962AAC}.Release|x86.ActiveCfg = Release|Any CPU
		{B2E74AA9-DF9F-40E8-8F67-85A8B4962AAC}.Release|x86.Build.0 = Release|Any CPU
		{30006DF7-4EDF-4D63-954A-0DD0DFBE60B7}.Debug|Any CPU.ActiveCfg = Debug|Any CPU
		{30006DF7-4EDF-4D63-954A-0DD0DFBE60B7}.Debug|Any CPU.Build.0 = Debug|Any CPU
		{30006DF7-4EDF-4D63-954A-0DD0DFBE60B7}.Debug|x64.ActiveCfg = Debug|Any CPU
		{30006DF7-4EDF-4D63-954A-0DD0DFBE60B7}.Debug|x64.Build.0 = Debug|Any CPU
		{30006DF7-4EDF-4D63-954A-0DD0DFBE60B7}.Debug|x86.ActiveCfg = Debug|Any CPU
		{30006DF7-4EDF-4D63-954A-0DD0DFBE60B7}.Debug|x86.Build.0 = Debug|Any CPU
		{30006DF7-4EDF-4D63-954A-0DD0DFBE60B7}.Release|Any CPU.ActiveCfg = Release|Any CPU
		{30006DF7-4EDF-4D63-954A-0DD0DFBE60B7}.Release|Any CPU.Build.0 = Release|Any CPU
		{30006DF7-4EDF-4D63-954A-0DD0DFBE60B7}.Release|x64.ActiveCfg = Release|Any CPU
		{30006DF7-4EDF-4D63-954A-0DD0DFBE60B7}.Release|x64.Build.0 = Release|Any CPU
		{30006DF7-4EDF-4D63-954A-0DD0DFBE60B7}.Release|x86.ActiveCfg = Release|Any CPU
		{30006DF7-4EDF-4D63-954A-0DD0DFBE60B7}.Release|x86.Build.0 = Release|Any CPU
		{53A5EB6B-315A-4664-B3F4-637392DFC63B}.Debug|Any CPU.ActiveCfg = Debug|Any CPU
		{53A5EB6B-315A-4664-B3F4-637392DFC63B}.Debug|Any CPU.Build.0 = Debug|Any CPU
		{53A5EB6B-315A-4664-B3F4-637392DFC63B}.Debug|x64.ActiveCfg = Debug|Any CPU
		{53A5EB6B-315A-4664-B3F4-637392DFC63B}.Debug|x64.Build.0 = Debug|Any CPU
		{53A5EB6B-315A-4664-B3F4-637392DFC63B}.Debug|x86.ActiveCfg = Debug|Any CPU
		{53A5EB6B-315A-4664-B3F4-637392DFC63B}.Debug|x86.Build.0 = Debug|Any CPU
		{53A5EB6B-315A-4664-B3F4-637392DFC63B}.Release|Any CPU.ActiveCfg = Release|Any CPU
		{53A5EB6B-315A-4664-B3F4-637392DFC63B}.Release|Any CPU.Build.0 = Release|Any CPU
		{53A5EB6B-315A-4664-B3F4-637392DFC63B}.Release|x64.ActiveCfg = Release|Any CPU
		{53A5EB6B-315A-4664-B3F4-637392DFC63B}.Release|x64.Build.0 = Release|Any CPU
		{53A5EB6B-315A-4664-B3F4-637392DFC63B}.Release|x86.ActiveCfg = Release|Any CPU
		{53A5EB6B-315A-4664-B3F4-637392DFC63B}.Release|x86.Build.0 = Release|Any CPU
		{01C07F6C-4CE1-4831-AF5F-EB8A76E8F605}.Debug|Any CPU.ActiveCfg = Debug|Any CPU
		{01C07F6C-4CE1-4831-AF5F-EB8A76E8F605}.Debug|Any CPU.Build.0 = Debug|Any CPU
		{01C07F6C-4CE1-4831-AF5F-EB8A76E8F605}.Debug|x64.ActiveCfg = Debug|Any CPU
		{01C07F6C-4CE1-4831-AF5F-EB8A76E8F605}.Debug|x64.Build.0 = Debug|Any CPU
		{01C07F6C-4CE1-4831-AF5F-EB8A76E8F605}.Debug|x86.ActiveCfg = Debug|Any CPU
		{01C07F6C-4CE1-4831-AF5F-EB8A76E8F605}.Debug|x86.Build.0 = Debug|Any CPU
		{01C07F6C-4CE1-4831-AF5F-EB8A76E8F605}.Release|Any CPU.ActiveCfg = Release|Any CPU
		{01C07F6C-4CE1-4831-AF5F-EB8A76E8F605}.Release|Any CPU.Build.0 = Release|Any CPU
		{01C07F6C-4CE1-4831-AF5F-EB8A76E8F605}.Release|x64.ActiveCfg = Release|Any CPU
		{01C07F6C-4CE1-4831-AF5F-EB8A76E8F605}.Release|x64.Build.0 = Release|Any CPU
		{01C07F6C-4CE1-4831-AF5F-EB8A76E8F605}.Release|x86.ActiveCfg = Release|Any CPU
		{01C07F6C-4CE1-4831-AF5F-EB8A76E8F605}.Release|x86.Build.0 = Release|Any CPU
		{1DD230A4-9C9F-4922-ADD8-DABBAFD2DF8E}.Debug|Any CPU.ActiveCfg = Debug|Any CPU
		{1DD230A4-9C9F-4922-ADD8-DABBAFD2DF8E}.Debug|Any CPU.Build.0 = Debug|Any CPU
		{1DD230A4-9C9F-4922-ADD8-DABBAFD2DF8E}.Debug|x64.ActiveCfg = Debug|Any CPU
		{1DD230A4-9C9F-4922-ADD8-DABBAFD2DF8E}.Debug|x64.Build.0 = Debug|Any CPU
		{1DD230A4-9C9F-4922-ADD8-DABBAFD2DF8E}.Debug|x86.ActiveCfg = Debug|Any CPU
		{1DD230A4-9C9F-4922-ADD8-DABBAFD2DF8E}.Debug|x86.Build.0 = Debug|Any CPU
		{1DD230A4-9C9F-4922-ADD8-DABBAFD2DF8E}.Release|Any CPU.ActiveCfg = Release|Any CPU
		{1DD230A4-9C9F-4922-ADD8-DABBAFD2DF8E}.Release|Any CPU.Build.0 = Release|Any CPU
		{1DD230A4-9C9F-4922-ADD8-DABBAFD2DF8E}.Release|x64.ActiveCfg = Release|Any CPU
		{1DD230A4-9C9F-4922-ADD8-DABBAFD2DF8E}.Release|x64.Build.0 = Release|Any CPU
		{1DD230A4-9C9F-4922-ADD8-DABBAFD2DF8E}.Release|x86.ActiveCfg = Release|Any CPU
		{1DD230A4-9C9F-4922-ADD8-DABBAFD2DF8E}.Release|x86.Build.0 = Release|Any CPU
		{55DDA1F9-372E-4AD8-838C-35E08FCA4856}.Debug|Any CPU.ActiveCfg = Debug|Any CPU
		{55DDA1F9-372E-4AD8-838C-35E08FCA4856}.Debug|Any CPU.Build.0 = Debug|Any CPU
		{55DDA1F9-372E-4AD8-838C-35E08FCA4856}.Debug|x64.ActiveCfg = Debug|Any CPU
		{55DDA1F9-372E-4AD8-838C-35E08FCA4856}.Debug|x64.Build.0 = Debug|Any CPU
		{55DDA1F9-372E-4AD8-838C-35E08FCA4856}.Debug|x86.ActiveCfg = Debug|Any CPU
		{55DDA1F9-372E-4AD8-838C-35E08FCA4856}.Debug|x86.Build.0 = Debug|Any CPU
		{55DDA1F9-372E-4AD8-838C-35E08FCA4856}.Release|Any CPU.ActiveCfg = Release|Any CPU
		{55DDA1F9-372E-4AD8-838C-35E08FCA4856}.Release|Any CPU.Build.0 = Release|Any CPU
		{55DDA1F9-372E-4AD8-838C-35E08FCA4856}.Release|x64.ActiveCfg = Release|Any CPU
		{55DDA1F9-372E-4AD8-838C-35E08FCA4856}.Release|x64.Build.0 = Release|Any CPU
		{55DDA1F9-372E-4AD8-838C-35E08FCA4856}.Release|x86.ActiveCfg = Release|Any CPU
		{55DDA1F9-372E-4AD8-838C-35E08FCA4856}.Release|x86.Build.0 = Release|Any CPU
		{5E49B415-80DB-43DD-8D20-B9DDEF3C2A6A}.Debug|Any CPU.ActiveCfg = Debug|Any CPU
		{5E49B415-80DB-43DD-8D20-B9DDEF3C2A6A}.Debug|Any CPU.Build.0 = Debug|Any CPU
		{5E49B415-80DB-43DD-8D20-B9DDEF3C2A6A}.Debug|x64.ActiveCfg = Debug|Any CPU
		{5E49B415-80DB-43DD-8D20-B9DDEF3C2A6A}.Debug|x64.Build.0 = Debug|Any CPU
		{5E49B415-80DB-43DD-8D20-B9DDEF3C2A6A}.Debug|x86.ActiveCfg = Debug|Any CPU
		{5E49B415-80DB-43DD-8D20-B9DDEF3C2A6A}.Debug|x86.Build.0 = Debug|Any CPU
		{5E49B415-80DB-43DD-8D20-B9DDEF3C2A6A}.Release|Any CPU.ActiveCfg = Release|Any CPU
		{5E49B415-80DB-43DD-8D20-B9DDEF3C2A6A}.Release|Any CPU.Build.0 = Release|Any CPU
		{5E49B415-80DB-43DD-8D20-B9DDEF3C2A6A}.Release|x64.ActiveCfg = Release|Any CPU
		{5E49B415-80DB-43DD-8D20-B9DDEF3C2A6A}.Release|x64.Build.0 = Release|Any CPU
		{5E49B415-80DB-43DD-8D20-B9DDEF3C2A6A}.Release|x86.ActiveCfg = Release|Any CPU
		{5E49B415-80DB-43DD-8D20-B9DDEF3C2A6A}.Release|x86.Build.0 = Release|Any CPU
		{D03B38A6-C975-420F-A772-C1A4CFD1BFA4}.Debug|Any CPU.ActiveCfg = Debug|Any CPU
		{D03B38A6-C975-420F-A772-C1A4CFD1BFA4}.Debug|Any CPU.Build.0 = Debug|Any CPU
		{D03B38A6-C975-420F-A772-C1A4CFD1BFA4}.Debug|x64.ActiveCfg = Debug|Any CPU
		{D03B38A6-C975-420F-A772-C1A4CFD1BFA4}.Debug|x64.Build.0 = Debug|Any CPU
		{D03B38A6-C975-420F-A772-C1A4CFD1BFA4}.Debug|x86.ActiveCfg = Debug|Any CPU
		{D03B38A6-C975-420F-A772-C1A4CFD1BFA4}.Debug|x86.Build.0 = Debug|Any CPU
		{D03B38A6-C975-420F-A772-C1A4CFD1BFA4}.Release|Any CPU.ActiveCfg = Release|Any CPU
		{D03B38A6-C975-420F-A772-C1A4CFD1BFA4}.Release|Any CPU.Build.0 = Release|Any CPU
		{D03B38A6-C975-420F-A772-C1A4CFD1BFA4}.Release|x64.ActiveCfg = Release|Any CPU
		{D03B38A6-C975-420F-A772-C1A4CFD1BFA4}.Release|x64.Build.0 = Release|Any CPU
		{D03B38A6-C975-420F-A772-C1A4CFD1BFA4}.Release|x86.ActiveCfg = Release|Any CPU
		{D03B38A6-C975-420F-A772-C1A4CFD1BFA4}.Release|x86.Build.0 = Release|Any CPU
		{4B6E25DE-4691-4ECD-864A-7A43A2333A2A}.Debug|Any CPU.ActiveCfg = Debug|Any CPU
		{4B6E25DE-4691-4ECD-864A-7A43A2333A2A}.Debug|Any CPU.Build.0 = Debug|Any CPU
		{4B6E25DE-4691-4ECD-864A-7A43A2333A2A}.Debug|x64.ActiveCfg = Debug|Any CPU
		{4B6E25DE-4691-4ECD-864A-7A43A2333A2A}.Debug|x64.Build.0 = Debug|Any CPU
		{4B6E25DE-4691-4ECD-864A-7A43A2333A2A}.Debug|x86.ActiveCfg = Debug|Any CPU
		{4B6E25DE-4691-4ECD-864A-7A43A2333A2A}.Debug|x86.Build.0 = Debug|Any CPU
		{4B6E25DE-4691-4ECD-864A-7A43A2333A2A}.Release|Any CPU.ActiveCfg = Release|Any CPU
		{4B6E25DE-4691-4ECD-864A-7A43A2333A2A}.Release|Any CPU.Build.0 = Release|Any CPU
		{4B6E25DE-4691-4ECD-864A-7A43A2333A2A}.Release|x64.ActiveCfg = Release|Any CPU
		{4B6E25DE-4691-4ECD-864A-7A43A2333A2A}.Release|x64.Build.0 = Release|Any CPU
		{4B6E25DE-4691-4ECD-864A-7A43A2333A2A}.Release|x86.ActiveCfg = Release|Any CPU
		{4B6E25DE-4691-4ECD-864A-7A43A2333A2A}.Release|x86.Build.0 = Release|Any CPU
		{CD35FA7D-03D6-4D94-9993-22810C4C6511}.Debug|Any CPU.ActiveCfg = Debug|Any CPU
		{CD35FA7D-03D6-4D94-9993-22810C4C6511}.Debug|Any CPU.Build.0 = Debug|Any CPU
		{CD35FA7D-03D6-4D94-9993-22810C4C6511}.Debug|x64.ActiveCfg = Debug|Any CPU
		{CD35FA7D-03D6-4D94-9993-22810C4C6511}.Debug|x64.Build.0 = Debug|Any CPU
		{CD35FA7D-03D6-4D94-9993-22810C4C6511}.Debug|x86.ActiveCfg = Debug|Any CPU
		{CD35FA7D-03D6-4D94-9993-22810C4C6511}.Debug|x86.Build.0 = Debug|Any CPU
		{CD35FA7D-03D6-4D94-9993-22810C4C6511}.Release|Any CPU.ActiveCfg = Release|Any CPU
		{CD35FA7D-03D6-4D94-9993-22810C4C6511}.Release|Any CPU.Build.0 = Release|Any CPU
		{CD35FA7D-03D6-4D94-9993-22810C4C6511}.Release|x64.ActiveCfg = Release|Any CPU
		{CD35FA7D-03D6-4D94-9993-22810C4C6511}.Release|x64.Build.0 = Release|Any CPU
		{CD35FA7D-03D6-4D94-9993-22810C4C6511}.Release|x86.ActiveCfg = Release|Any CPU
		{CD35FA7D-03D6-4D94-9993-22810C4C6511}.Release|x86.Build.0 = Release|Any CPU
        {BF657246-0043-45EE-A144-C6986E8C3B4E}.Debug|Any CPU.ActiveCfg = Debug|Any CPU
        {BF657246-0043-45EE-A144-C6986E8C3B4E}.Debug|Any CPU.Build.0 = Debug|Any CPU
        {BF657246-0043-45EE-A144-C6986E8C3B4E}.Debug|x64.ActiveCfg = Debug|Any CPU
        {BF657246-0043-45EE-A144-C6986E8C3B4E}.Debug|x64.Build.0 = Debug|Any CPU
        {BF657246-0043-45EE-A144-C6986E8C3B4E}.Debug|x86.ActiveCfg = Debug|Any CPU
        {BF657246-0043-45EE-A144-C6986E8C3B4E}.Debug|x86.Build.0 = Debug|Any CPU
        {BF657246-0043-45EE-A144-C6986E8C3B4E}.Release|Any CPU.ActiveCfg = Release|Any CPU
        {BF657246-0043-45EE-A144-C6986E8C3B4E}.Release|Any CPU.Build.0 = Release|Any CPU
        {BF657246-0043-45EE-A144-C6986E8C3B4E}.Release|x64.ActiveCfg = Release|Any CPU
        {BF657246-0043-45EE-A144-C6986E8C3B4E}.Release|x64.Build.0 = Release|Any CPU
        {BF657246-0043-45EE-A144-C6986E8C3B4E}.Release|x86.ActiveCfg = Release|Any CPU
        {BF657246-0043-45EE-A144-C6986E8C3B4E}.Release|x86.Build.0 = Release|Any CPU

	EndGlobalSection
	GlobalSection(SolutionProperties) = preSolution
		HideSolutionNode = FALSE
	EndGlobalSection
	GlobalSection(NestedProjects) = preSolution
		{B22E4C52-146D-4537-84EC-8347679303B6} = {0EDD9B93-919B-44B6-9CA1-6405AE7C2B81}
		{D8B533CC-D453-4581-950F-BCFA8FFAAFF1} = {4F52FD11-658E-A102-6CD3-7D7C16FFA15B}
		{FE3C17F7-7E22-45E1-AB67-FC2884CA800E} = {4F52FD11-658E-A102-6CD3-7D7C16FFA15B}
		{32EA18DD-16DC-4C4C-9A9F-EDA921B2DF40} = {0EDD9B93-919B-44B6-9CA1-6405AE7C2B81}
		{6ED1EA87-ABB7-4B39-A298-2721F5EC7DA5} = {E6ABE358-3362-A4D8-B4C1-3787DBC2746E}
		{B2E74AA9-DF9F-40E8-8F67-85A8B4962AAC} = {E6ABE358-3362-A4D8-B4C1-3787DBC2746E}
		{30006DF7-4EDF-4D63-954A-0DD0DFBE60B7} = {E6ABE358-3362-A4D8-B4C1-3787DBC2746E}
		{53A5EB6B-315A-4664-B3F4-637392DFC63B} = {0EDD9B93-919B-44B6-9CA1-6405AE7C2B81}
		{01C07F6C-4CE1-4831-AF5F-EB8A76E8F605} = {0EDD9B93-919B-44B6-9CA1-6405AE7C2B81}
		{1DD230A4-9C9F-4922-ADD8-DABBAFD2DF8E} = {D93E8024-34A5-9AC6-62A0-BA1E08432049}
		{5E49B415-80DB-43DD-8D20-B9DDEF3C2A6A} = {D93E8024-34A5-9AC6-62A0-BA1E08432049}
		{D03B38A6-C975-420F-A772-C1A4CFD1BFA4} = {D93E8024-34A5-9AC6-62A0-BA1E08432049}
		{4B6E25DE-4691-4ECD-864A-7A43A2333A2A} = {753C040B-FF22-6614-8951-D1DF5F026DDF}
		{CD35FA7D-03D6-4D94-9993-22810C4C6511} = {0EDD9B93-919B-44B6-9CA1-6405AE7C2B81}
		{55DDA1F9-372E-4AD8-838C-35E08FCA4856} = {0EDD9B93-919B-44B6-9CA1-6405AE7C2B81}
	    {BF657246-0043-45EE-A144-C6986E8C3B4E} = {753C040B-FF22-6614-8951-D1DF5F026DDF}
	EndGlobalSection
EndGlobal
